
Microsoft Visual Studio Solution File, Format Version 12.00
# Visual Studio 2012
Project("{FAE04EC0-301F-11D3-BF4B-00C04F79EFBC}") = "DemoTwitter", "DemoTwitter\DemoTwitter.csproj", "{1845E680-1249-4756-BD64-BAD1D425B513}"
EndProject
Project("{FAE04EC0-301F-11D3-BF4B-00C04F79EFBC}") = "DemoTwitter.Tests", "DemoTwitter.Tests\DemoTwitter.Tests.csproj", "{5BB76C55-9DD8-4D48-B538-35504AA41363}"
EndProject
Project("{FAE04EC0-301F-11D3-BF4B-00C04F79EFBC}") = "DemoTwitter.BusinessLayer", "DemoTwitter.BusinessLayer\DemoTwitter.BusinessLayer.csproj", "{2F790082-7DEB-419D-9EF9-C0751978C705}"
EndProject
Project("{FAE04EC0-301F-11D3-BF4B-00C04F79EFBC}") = "DemoTwitter.DataAccessLayer", "DemoTwitter.DataAccessLayer\DemoTwitter.DataAccessLayer.csproj", "{4BFADBAA-5656-4D6A-BFB4-2F165DC0E5BC}"
EndProject
Project("{FAE04EC0-301F-11D3-BF4B-00C04F79EFBC}") = "DemoTwitter.Models", "DemoTwitter.Models\DemoTwitter.Models.csproj", "{0BBA45DE-9622-4C35-9892-63ADA2422B5C}"
EndProject
Project("{FAE04EC0-301F-11D3-BF4B-00C04F79EFBC}") = "DemoTwitter.Mapper", "DemoTwitter.Mapper\DemoTwitter.Mapper.csproj", "{2AE010CB-B0A7-4CD6-9653-5FA2C8F08E41}"
EndProject
Global
	GlobalSection(SolutionConfigurationPlatforms) = preSolution
		Debug|Any CPU = Debug|Any CPU
		Release|Any CPU = Release|Any CPU
	EndGlobalSection
	GlobalSection(ProjectConfigurationPlatforms) = postSolution
		{1845E680-1249-4756-BD64-BAD1D425B513}.Debug|Any CPU.ActiveCfg = Debug|Any CPU
		{1845E680-1249-4756-BD64-BAD1D425B513}.Debug|Any CPU.Build.0 = Debug|Any CPU
		{1845E680-1249-4756-BD64-BAD1D425B513}.Release|Any CPU.ActiveCfg = Release|Any CPU
		{1845E680-1249-4756-BD64-BAD1D425B513}.Release|Any CPU.Build.0 = Release|Any CPU
		{5BB76C55-9DD8-4D48-B538-35504AA41363}.Debug|Any CPU.ActiveCfg = Debug|Any CPU
		{5BB76C55-9DD8-4D48-B538-35504AA41363}.Debug|Any CPU.Build.0 = Debug|Any CPU
		{5BB76C55-9DD8-4D48-B538-35504AA41363}.Release|Any CPU.ActiveCfg = Release|Any CPU
		{5BB76C55-9DD8-4D48-B538-35504AA41363}.Release|Any CPU.Build.0 = Release|Any CPU
		{2F790082-7DEB-419D-9EF9-C0751978C705}.Debug|Any CPU.ActiveCfg = Debug|Any CPU
		{2F790082-7DEB-419D-9EF9-C0751978C705}.Debug|Any CPU.Build.0 = Debug|Any CPU
		{2F790082-7DEB-419D-9EF9-C0751978C705}.Release|Any CPU.ActiveCfg = Release|Any CPU
		{2F790082-7DEB-419D-9EF9-C0751978C705}.Release|Any CPU.Build.0 = Release|Any CPU
		{4BFADBAA-5656-4D6A-BFB4-2F165DC0E5BC}.Debug|Any CPU.ActiveCfg = Debug|Any CPU
		{4BFADBAA-5656-4D6A-BFB4-2F165DC0E5BC}.Debug|Any CPU.Build.0 = Debug|Any CPU
		{4BFADBAA-5656-4D6A-BFB4-2F165DC0E5BC}.Release|Any CPU.ActiveCfg = Release|Any CPU
		{4BFADBAA-5656-4D6A-BFB4-2F165DC0E5BC}.Release|Any CPU.Build.0 = Release|Any CPU
		{0BBA45DE-9622-4C35-9892-63ADA2422B5C}.Debug|Any CPU.ActiveCfg = Debug|Any CPU
		{0BBA45DE-9622-4C35-9892-63ADA2422B5C}.Debug|Any CPU.Build.0 = Debug|Any CPU
		{0BBA45DE-9622-4C35-9892-63ADA2422B5C}.Release|Any CPU.ActiveCfg = Release|Any CPU
		{0BBA45DE-9622-4C35-9892-63ADA2422B5C}.Release|Any CPU.Build.0 = Release|Any CPU
		{2AE010CB-B0A7-4CD6-9653-5FA2C8F08E41}.Debug|Any CPU.ActiveCfg = Debug|Any CPU
		{2AE010CB-B0A7-4CD6-9653-5FA2C8F08E41}.Debug|Any CPU.Build.0 = Debug|Any CPU
		{2AE010CB-B0A7-4CD6-9653-5FA2C8F08E41}.Release|Any CPU.ActiveCfg = Release|Any CPU
		{2AE010CB-B0A7-4CD6-9653-5FA2C8F08E41}.Release|Any CPU.Build.0 = Release|Any CPU
	EndGlobalSection
	GlobalSection(SolutionProperties) = preSolution
		HideSolutionNode = FALSE
	EndGlobalSection
EndGlobal
